
Microsoft Visual Studio Solution File, Format Version 12.00
# Visual Studio 15
VisualStudioVersion = 15.0.27428.2037
MinimumVisualStudioVersion = 10.0.40219.1
Project("{8BC9CEB8-8B4A-11D0-8D11-00A0C91BC942}") = "Serial_Communication_C++", "Serial_Communication_C++\Serial_Communication_C++.vcxproj", "{50BAAC42-DBF7-4271-95B4-FEE50EC7E667}"
EndProject
Global
	GlobalSection(SolutionConfigurationPlatforms) = preSolution
		Debug|x64 = Debug|x64
		Debug|x86 = Debug|x86
		Release|x64 = Release|x64
		Release|x86 = Release|x86
	EndGlobalSection
	GlobalSection(ProjectConfigurationPlatforms) = postSolution
		{50BAAC42-DBF7-4271-95B4-FEE50EC7E667}.Debug|x64.ActiveCfg = Debug|x64
		{50BAAC42-DBF7-4271-95B4-FEE50EC7E667}.Debug|x64.Build.0 = Debug|x64
		{50BAAC42-DBF7-4271-95B4-FEE50EC7E667}.Debug|x86.ActiveCfg = Debug|Win32
		{50BAAC42-DBF7-4271-95B4-FEE50EC7E667}.Debug|x86.Build.0 = Debug|Win32
		{50BAAC42-DBF7-4271-95B4-FEE50EC7E667}.Release|x64.ActiveCfg = Release|x64
		{50BAAC42-DBF7-4271-95B4-FEE50EC7E667}.Release|x64.Build.0 = Release|x64
		{50BAAC42-DBF7-4271-95B4-FEE50EC7E667}.Release|x86.ActiveCfg = Release|Win32
		{50BAAC42-DBF7-4271-95B4-FEE50EC7E667}.Release|x86.Build.0 = Release|Win32
	EndGlobalSection
	GlobalSection(SolutionProperties) = preSolution
		HideSolutionNode = FALSE
	EndGlobalSection
	GlobalSection(ExtensibilityGlobals) = postSolution
		SolutionGuid = {0484CC91-C05E-42CD-BBC1-E002D154B9F0}
	EndGlobalSection
EndGlobal
